Microsoft Visual Studio Solution File, Format Version 12.00
# Visual Studio Version 17
VisualStudioVersion = 17.5.2.0
MinimumVisualStudioVersion = 10.0.40219.1
Project("{FAE04EC0-301F-11D3-BF4B-00C04F79EFBC}") = "school", "school.csproj", "{D0A5C7D6-9664-80E1-EB39-47744C3A8E37}"
EndProject
Global
	GlobalSection(SolutionConfigurationPlatforms) = preSolution
		Debug|Any CPU = Debug|Any CPU
		Release|Any CPU = Release|Any CPU
	EndGlobalSection
	GlobalSection(ProjectConfigurationPlatforms) = postSolution
		{D0A5C7D6-9664-80E1-EB39-47744C3A8E37}.Debug|Any CPU.ActiveCfg = Debug|Any CPU
		{D0A5C7D6-9664-80E1-EB39-47744C3A8E37}.Debug|Any CPU.Build.0 = Debug|Any CPU
		{D0A5C7D6-9664-80E1-EB39-47744C3A8E37}.Release|Any CPU.ActiveCfg = Release|Any CPU
		{D0A5C7D6-9664-80E1-EB39-47744C3A8E37}.Release|Any CPU.Build.0 = Release|Any CPU
	EndGlobalSection
	GlobalSection(SolutionProperties) = preSolution
		HideSolutionNode = FALSE
	EndGlobalSection
	GlobalSection(ExtensibilityGlobals) = postSolution
		SolutionGuid = {C09A83C0-AB14-4400-98D2-13CAA20195C4}
	EndGlobalSection
EndGlobal
